
Microsoft Visual Studio Solution File, Format Version 12.00
# Visual Studio Version 16
VisualStudioVersion = 16.0.31424.327
MinimumVisualStudioVersion = 10.0.40219.1
Project("{888888A0-9F3D-457C-B088-3A5042F75D52}") = "analysis", "analysis.pyproj", "{9D789E13-F9B3-4906-8A0D-025BD6D1F010}"
EndProject
Global
	GlobalSection(SolutionConfigurationPlatforms) = preSolution
		Debug|Any CPU = Debug|Any CPU
		Release|Any CPU = Release|Any CPU
	EndGlobalSection
	GlobalSection(ProjectConfigurationPlatforms) = postSolution
		{9D789E13-F9B3-4906-8A0D-025BD6D1F010}.Debug|Any CPU.ActiveCfg = Debug|Any CPU
		{9D789E13-F9B3-4906-8A0D-025BD6D1F010}.Release|Any CPU.ActiveCfg = Release|Any CPU
	EndGlobalSection
	GlobalSection(SolutionProperties) = preSolution
		HideSolutionNode = FALSE
	EndGlobalSection
	GlobalSection(ExtensibilityGlobals) = postSolution
		SolutionGuid = {6D998321-5518-4553-B375-6A5163CCF788}
	EndGlobalSection
EndGlobal
